
Microsoft Visual Studio Solution File, Format Version 12.00
# Visual Studio Version 17
VisualStudioVersion = 17.8.34525.116
MinimumVisualStudioVersion = 10.0.40219.1
Project("{FAE04EC0-301F-11D3-BF4B-00C04F79EFBC}") = "Services", "Menu\Services.csproj", "{C783196E-CB22-45D9-BE43-1B19BBB41306}"
EndProject
Project("{FAE04EC0-301F-11D3-BF4B-00C04F79EFBC}") = "MenuPresentation", "MenuPresentation\MenuPresentation.csproj", "{FCB66743-E0E3-4AEE-AE36-FD9EACA42108}"
EndProject
Project("{FAE04EC0-301F-11D3-BF4B-00C04F79EFBC}") = "ClassLibrary1", "ClassLibrary1\ClassLibrary1.csproj", "{A971D80D-910B-4C59-AF15-6E63AA355749}"
EndProject
Global
	GlobalSection(SolutionConfigurationPlatforms) = preSolution
		Debug|Any CPU = Debug|Any CPU
		Release|Any CPU = Release|Any CPU
	EndGlobalSection
	GlobalSection(ProjectConfigurationPlatforms) = postSolution
		{C783196E-CB22-45D9-BE43-1B19BBB41306}.Debug|Any CPU.ActiveCfg = Debug|Any CPU
		{C783196E-CB22-45D9-BE43-1B19BBB41306}.Debug|Any CPU.Build.0 = Debug|Any CPU
		{C783196E-CB22-45D9-BE43-1B19BBB41306}.Release|Any CPU.ActiveCfg = Release|Any CPU
		{C783196E-CB22-45D9-BE43-1B19BBB41306}.Release|Any CPU.Build.0 = Release|Any CPU
		{FCB66743-E0E3-4AEE-AE36-FD9EACA42108}.Debug|Any CPU.ActiveCfg = Debug|Any CPU
		{FCB66743-E0E3-4AEE-AE36-FD9EACA42108}.Debug|Any CPU.Build.0 = Debug|Any CPU
		{FCB66743-E0E3-4AEE-AE36-FD9EACA42108}.Release|Any CPU.ActiveCfg = Release|Any CPU
		{FCB66743-E0E3-4AEE-AE36-FD9EACA42108}.Release|Any CPU.Build.0 = Release|Any CPU
		{A971D80D-910B-4C59-AF15-6E63AA355749}.Debug|Any CPU.ActiveCfg = Debug|Any CPU
		{A971D80D-910B-4C59-AF15-6E63AA355749}.Debug|Any CPU.Build.0 = Debug|Any CPU
		{A971D80D-910B-4C59-AF15-6E63AA355749}.Release|Any CPU.ActiveCfg = Release|Any CPU
		{A971D80D-910B-4C59-AF15-6E63AA355749}.Release|Any CPU.Build.0 = Release|Any CPU
	EndGlobalSection
	GlobalSection(SolutionProperties) = preSolution
		HideSolutionNode = FALSE
	EndGlobalSection
	GlobalSection(ExtensibilityGlobals) = postSolution
		SolutionGuid = {A189F6AD-449E-469D-97AB-E9C9023F478A}
	EndGlobalSection
EndGlobal
